
Microsoft Visual Studio Solution File, Format Version 12.00
# Visual Studio Version 16
VisualStudioVersion = 16.0.30002.166
MinimumVisualStudioVersion = 10.0.40219.1
Project("{9A19103F-16F7-4668-BE54-9A1E7A4F7556}") = "Repository", "Repository\Repository.csproj", "{72BF67C4-4F6F-44F4-AB7B-F77D934AFFCE}"
EndProject
Project("{9A19103F-16F7-4668-BE54-9A1E7A4F7556}") = "Domain", "Domain\Domain.csproj", "{A5872A8D-8B14-4070-8993-A9D99BFE82DA}"
EndProject
Project("{FAE04EC0-301F-11D3-BF4B-00C04F79EFBC}") = "Biblioteca", "Biblioteca\Biblioteca.csproj", "{26368114-27EA-421C-BC98-35E5B159EB02}"
EndProject
Global
	GlobalSection(SolutionConfigurationPlatforms) = preSolution
		Debug|Any CPU = Debug|Any CPU
		Release|Any CPU = Release|Any CPU
	EndGlobalSection
	GlobalSection(ProjectConfigurationPlatforms) = postSolution
		{72BF67C4-4F6F-44F4-AB7B-F77D934AFFCE}.Debug|Any CPU.ActiveCfg = Debug|Any CPU
		{72BF67C4-4F6F-44F4-AB7B-F77D934AFFCE}.Debug|Any CPU.Build.0 = Debug|Any CPU
		{72BF67C4-4F6F-44F4-AB7B-F77D934AFFCE}.Release|Any CPU.ActiveCfg = Release|Any CPU
		{72BF67C4-4F6F-44F4-AB7B-F77D934AFFCE}.Release|Any CPU.Build.0 = Release|Any CPU
		{A5872A8D-8B14-4070-8993-A9D99BFE82DA}.Debug|Any CPU.ActiveCfg = Debug|Any CPU
		{A5872A8D-8B14-4070-8993-A9D99BFE82DA}.Debug|Any CPU.Build.0 = Debug|Any CPU
		{A5872A8D-8B14-4070-8993-A9D99BFE82DA}.Release|Any CPU.ActiveCfg = Release|Any CPU
		{A5872A8D-8B14-4070-8993-A9D99BFE82DA}.Release|Any CPU.Build.0 = Release|Any CPU
		{26368114-27EA-421C-BC98-35E5B159EB02}.Debug|Any CPU.ActiveCfg = Debug|Any CPU
		{26368114-27EA-421C-BC98-35E5B159EB02}.Debug|Any CPU.Build.0 = Debug|Any CPU
		{26368114-27EA-421C-BC98-35E5B159EB02}.Release|Any CPU.ActiveCfg = Release|Any CPU
		{26368114-27EA-421C-BC98-35E5B159EB02}.Release|Any CPU.Build.0 = Release|Any CPU
	EndGlobalSection
	GlobalSection(SolutionProperties) = preSolution
		HideSolutionNode = FALSE
	EndGlobalSection
	GlobalSection(ExtensibilityGlobals) = postSolution
		SolutionGuid = {261CF842-9CCF-4C21-BB61-DE698617CE58}
	EndGlobalSection
EndGlobal
